
Microsoft Visual Studio Solution File, Format Version 12.00
# Visual Studio Version 17
VisualStudioVersion = 17.8.34322.80
MinimumVisualStudioVersion = 10.0.40219.1
Project("{9A19103F-16F7-4668-BE54-9A1E7A4F7556}") = "BulkyWeb", "BulkyWeb\BulkyWeb.csproj", "{4D08F985-030F-401F-8595-D699CB4A90FB}"
EndProject
Project("{FAE04EC0-301F-11D3-BF4B-00C04F79EFBC}") = "Bulky.DataAccess", "Bulky.DataAccess\Bulky.DataAccess.csproj", "{D91C1E97-F58B-4A52-977F-285D48B8119D}"
EndProject
Project("{FAE04EC0-301F-11D3-BF4B-00C04F79EFBC}") = "Bulky.Models", "Bulky.Models\Bulky.Models.csproj", "{2066F28B-A63E-4785-BCED-64049059C620}"
EndProject
Project("{FAE04EC0-301F-11D3-BF4B-00C04F79EFBC}") = "Bulky.Utility", "Bulky.Utility\Bulky.Utility.csproj", "{467253AB-E196-4DC0-B03B-2E3D61B0F717}"
EndProject
Global
	GlobalSection(SolutionConfigurationPlatforms) = preSolution
		Debug|Any CPU = Debug|Any CPU
		Release|Any CPU = Release|Any CPU
	EndGlobalSection
	GlobalSection(ProjectConfigurationPlatforms) = postSolution
		{4D08F985-030F-401F-8595-D699CB4A90FB}.Debug|Any CPU.ActiveCfg = Debug|Any CPU
		{4D08F985-030F-401F-8595-D699CB4A90FB}.Debug|Any CPU.Build.0 = Debug|Any CPU
		{4D08F985-030F-401F-8595-D699CB4A90FB}.Release|Any CPU.ActiveCfg = Release|Any CPU
		{4D08F985-030F-401F-8595-D699CB4A90FB}.Release|Any CPU.Build.0 = Release|Any CPU
		{D91C1E97-F58B-4A52-977F-285D48B8119D}.Debug|Any CPU.ActiveCfg = Debug|Any CPU
		{D91C1E97-F58B-4A52-977F-285D48B8119D}.Debug|Any CPU.Build.0 = Debug|Any CPU
		{D91C1E97-F58B-4A52-977F-285D48B8119D}.Release|Any CPU.ActiveCfg = Release|Any CPU
		{D91C1E97-F58B-4A52-977F-285D48B8119D}.Release|Any CPU.Build.0 = Release|Any CPU
		{2066F28B-A63E-4785-BCED-64049059C620}.Debug|Any CPU.ActiveCfg = Debug|Any CPU
		{2066F28B-A63E-4785-BCED-64049059C620}.Debug|Any CPU.Build.0 = Debug|Any CPU
		{2066F28B-A63E-4785-BCED-64049059C620}.Release|Any CPU.ActiveCfg = Release|Any CPU
		{2066F28B-A63E-4785-BCED-64049059C620}.Release|Any CPU.Build.0 = Release|Any CPU
		{467253AB-E196-4DC0-B03B-2E3D61B0F717}.Debug|Any CPU.ActiveCfg = Debug|Any CPU
		{467253AB-E196-4DC0-B03B-2E3D61B0F717}.Debug|Any CPU.Build.0 = Debug|Any CPU
		{467253AB-E196-4DC0-B03B-2E3D61B0F717}.Release|Any CPU.ActiveCfg = Release|Any CPU
		{467253AB-E196-4DC0-B03B-2E3D61B0F717}.Release|Any CPU.Build.0 = Release|Any CPU
	EndGlobalSection
	GlobalSection(SolutionProperties) = preSolution
		HideSolutionNode = FALSE
	EndGlobalSection
	GlobalSection(ExtensibilityGlobals) = postSolution
		SolutionGuid = {243AF5FD-C0F9-413A-B8DD-73CB11D48773}
	EndGlobalSection
EndGlobal
